// !$*UTF8*$!
{
	archiveVersion = 1;
	classes = {
	};
	objectVersion = 56;
	objects = {

/* Begin PBXBuildFile section */
		539804E329D3FD3D00AA0D6D /* AppDelegate.m in Sources */ = {isa = PBXBuildFile; fileRef = 539804E229D3FD3D00AA0D6D /* AppDelegate.m */; };
		539804E929D3FD3D00AA0D6D /* ViewController.m in Sources */ = {isa = PBXBuildFile; fileRef = 539804E829D3FD3D00AA0D6D /* ViewController.m */; };
		539804EC29D3FD3D00AA0D6D /* Main.storyboard in Resources */ = {isa = PBXBuildFile; fileRef = 539804EA29D3FD3D00AA0D6D /* Main.storyboard */; };
		539804EE29D3FD3F00AA0D6D /* Assets.xcassets in Resources */ = {isa = PBXBuildFile; fileRef = 539804ED29D3FD3F00AA0D6D /* Assets.xcassets */; };
		539804F129D3FD3F00AA0D6D /* LaunchScreen.storyboard in Resources */ = {isa = PBXBuildFile; fileRef = 539804EF29D3FD3F00AA0D6D /* LaunchScreen.storyboard */; };
		539804F429D3FD3F00AA0D6D /* main.m in Sources */ = {isa = PBXBuildFile; fileRef = 539804F329D3FD3F00AA0D6D /* main.m */; };
		539804FC29D3FF5200AA0D6D /* CAReplicatorLayerView.m in Sources */ = {isa = PBXBuildFile; fileRef = 539804FB29D3FF5200AA0D6D /* CAReplicatorLayerView.m */; };
/* End PBXBuildFile section */

/* Begin PBXFileReference section */
		539804DE29D3FD3D00AA0D6D /* invertedimage.app */ = {isa = PBXFileReference; explicitFileType = wrapper.application; includeInIndex = 0; path = invertedimage.app; sourceTree = BUILT_PRODUCTS_DIR; };
		539804E129D3FD3D00AA0D6D /* AppDelegate.h */ = {isa = PBXFileReference; lastKnownFileType = sourcecode.c.h; path = AppDelegate.h; sourceTree = "<group>"; };
		539804E229D3FD3D00AA0D6D /* AppDelegate.m */ = {isa = PBXFileReference; lastKnownFileType = sourcecode.c.objc; path = AppDelegate.m; sourceTree = "<group>"; };
		539804E729D3FD3D00AA0D6D /* ViewController.h */ = {isa = PBXFileReference; lastKnownFileType = sourcecode.c.h; path = ViewController.h; sourceTree = "<group>"; };
		539804E829D3FD3D00AA0D6D /* ViewController.m */ = {isa = PBXFileReference; lastKnownFileType = sourcecode.c.objc; path = ViewController.m; sourceTree = "<group>"; };
		539804EB29D3FD3D00AA0D6D /* Base */ = {isa = PBXFileReference; lastKnownFileType = file.storyboard; name = Base; path = Base.lproj/Main.storyboard; sourceTree = "<group>"; };
		539804ED29D3FD3F00AA0D6D /* Assets.xcassets */ = {isa = PBXFileReference; lastKnownFileType = folder.assetcatalog; path = Assets.xcassets; sourceTree = "<group>"; };
		539804F029D3FD3F00AA0D6D /* Base */ = {isa = PBXFileReference; lastKnownFileType = file.storyboard; name = Base; path = Base.lproj/LaunchScreen.storyboard; sourceTree = "<group>"; };
		539804F229D3FD3F00AA0D6D /* Info.plist */ = {isa = PBXFileReference; lastKnownFileType = text.plist.xml; path = Info.plist; sourceTree = "<group>"; };
		539804F329D3FD3F00AA0D6D /* main.m */ = {isa = PBXFileReference; lastKnownFileType = sourcecode.c.objc; path = main.m; sourceTree = "<group>"; };
		539804FA29D3FF5200AA0D6D /* CAReplicatorLayerView.h */ = {isa = PBXFileReference; lastKnownFileType = sourcecode.c.h; path = CAReplicatorLayerView.h; sourceTree = "<group>"; };
		539804FB29D3FF5200AA0D6D /* CAReplicatorLayerView.m */ = {isa = PBXFileReference; lastKnownFileType = sourcecode.c.objc; path = CAReplicatorLayerView.m; sourceTree = "<group>"; };
/* End PBXFileReference section */

/* Begin PBXFrameworksBuildPhase section */
		539804DB29D3FD3D00AA0D6D /* Frameworks */ = {
			isa = PBXFrameworksBuildPhase;
			buildActionMask = 2147483647;
			files = (
			);
			runOnlyForDeploymentPostprocessing = 0;
		};
/* End PBXFrameworksBuildPhase section */

/* Begin PBXGroup section */
		539804D529D3FD3D00AA0D6D = {
			isa = PBXGroup;
			children = (
				539804E029D3FD3D00AA0D6D /* invertedimage */,
				539804DF29D3FD3D00AA0D6D /* Products */,
			);
			sourceTree = "<group>";
		};
		539804DF29D3FD3D00AA0D6D /* Products */ = {
			isa = PBXGroup;
			children = (
				539804DE29D3FD3D00AA0D6D /* invertedimage.app */,
			);
			name = Products;
			sourceTree = "<group>";
		};
		539804E029D3FD3D00AA0D6D /* invertedimage */ = {
			isa = PBXGroup;
			children = (
				539804E129D3FD3D00AA0D6D /* AppDelegate.h */,
				539804E229D3FD3D00AA0D6D /* AppDelegate.m */,
				539804E729D3FD3D00AA0D6D /* ViewController.h */,
				539804E829D3FD3D00AA0D6D /* ViewController.m */,
				539804EA29D3FD3D00AA0D6D /* Main.storyboard */,
				539804ED29D3FD3F00AA0D6D /* Assets.xcassets */,
				539804EF29D3FD3F00AA0D6D /* LaunchScreen.storyboard */,
				539804F229D3FD3F00AA0D6D /* Info.plist */,
				539804F329D3FD3F00AA0D6D /* main.m */,
				539804FA29D3FF5200AA0D6D /* CAReplicatorLayerView.h */,
				539804FB29D3FF5200AA0D6D /* CAReplicatorLayerView.m */,
			);
			path = invertedimage;
			sourceTree = "<group>";
		};
/* End PBXGroup section */

/* Begin PBXNativeTarget section */
		539804DD29D3FD3D00AA0D6D /* invertedimage */ = {
			isa = PBXNativeTarget;
			buildConfigurationList = 539804F729D3FD3F00AA0D6D /* Build configuration list for PBXNativeTarget "invertedimage" */;
			buildPhases = (
				539804DA29D3FD3D00AA0D6D /* Sources */,
				539804DB29D3FD3D00AA0D6D /* Frameworks */,
				539804DC29D3FD3D00AA0D6D /* Resources */,
			);
			buildRules = (
			);
			dependencies = (
			);
			name = invertedimage;
			productName = invertedimage;
			productReference = 539804DE29D3FD3D00AA0D6D /* invertedimage.app */;
			productType = "com.apple.product-type.application";
		};
/* End PBXNativeTarget section */

/* Begin PBXProject section */
		539804D629D3FD3D00AA0D6D /* Project object */ = {
			isa = PBXProject;
			attributes = {
				BuildIndependentTargetsInParallel = 1;
				LastUpgradeCheck = 1420;
				TargetAttributes = {
					539804DD29D3FD3D00AA0D6D = {
						CreatedOnToolsVersion = 14.2;
					};
				};
			};
			buildConfigurationList = 539804D929D3FD3D00AA0D6D /* Build configuration list for PBXProject "invertedimage" */;
			compatibilityVersion = "Xcode 14.0";
			developmentRegion = en;
			hasScannedForEncodings = 0;
			knownRegions = (
				en,
				Base,
			);
			mainGroup = 539804D529D3FD3D00AA0D6D;
			productRefGroup = 539804DF29D3FD3D00AA0D6D /* Products */;
			projectDirPath = "";
			projectRoot = "";
			targets = (
				539804DD29D3FD3D00AA0D6D /* invertedimage */,
			);
		};
/* End PBXProject section */

/* Begin PBXResourcesBuildPhase section */
		539804DC29D3FD3D00AA0D6D /* Resources */ = {
			isa = PBXResourcesBuildPhase;
			buildActionMask = 2147483647;
			files = (
				539804F129D3FD3F00AA0D6D /* LaunchScreen.storyboard in Resources */,
				539804EE29D3FD3F00AA0D6D /* Assets.xcassets in Resources */,
				539804EC29D3FD3D00AA0D6D /* Main.storyboard in Resources */,
			);
			runOnlyForDeploymentPostprocessing = 0;
		};
/* End PBXResourcesBuildPhase section */

/* Begin PBXSourcesBuildPhase section */
		539804DA29D3FD3D00AA0D6D /* Sources */ = {
			isa = PBXSourcesBuildPhase;
			buildActionMask = 2147483647;
			files = (
				539804E929D3FD3D00AA0D6D /* ViewController.m in Sources */,
				539804E329D3FD3D00AA0D6D /* AppDelegate.m in Sources */,
				539804F429D3FD3F00AA0D6D /* main.m in Sources */,
				539804FC29D3FF5200AA0D6D /* CAReplicatorLayerView.m in Sources */,
			);
			runOnlyForDeploymentPostprocessing = 0;
		};
/* End PBXSourcesBuildPhase section */

/* Begin PBXVariantGroup section */
		539804EA29D3FD3D00AA0D6D /* Main.storyboard */ = {
			isa = PBXVariantGroup;
			children = (
				539804EB29D3FD3D00AA0D6D /* Base */,
			);
			name = Main.storyboard;
			sourceTree = "<group>";
		};
		539804EF29D3FD3F00AA0D6D /* LaunchScreen.storyboard */ = {
			isa = PBXVariantGroup;
			children = (
				539804F029D3FD3F00AA0D6D /* Base */,
			);
			name = LaunchScreen.storyboard;
			sourceTree = "<group>";
		};
/* End PBXVariantGroup section */

/* Begin XCBuildConfiguration section */
		539804F529D3FD3F00AA0D6D /* Debug */ = {
			isa = XCBuildConfiguration;
			buildSettings = {
				ALWAYS_SEARCH_USER_PATHS = NO;
				CLANG_ANALYZER_NONNULL = YES;
				CLANG_ANALYZER_NUMBER_OBJECT_CONVERSION = YES_AGGRESSIVE;
				CLANG_CXX_LANGUAGE_STANDARD = "gnu++20";
				CLANG_ENABLE_MODULES = YES;
				CLANG_ENABLE_OBJC_ARC = YES;
				CLANG_ENABLE_OBJC_WEAK = YES;
				CLANG_WARN_BLOCK_CAPTURE_AUTORELEASING = YES;
				CLANG_WARN_BOOL_CONVERSION = YES;
				CLANG_WARN_COMMA = YES;
				CLANG_WARN_CONSTANT_CONVERSION = YES;
				CLANG_WARN_DEPRECATED_OBJC_IMPLEMENTATIONS = YES;
				CLANG_WARN_DIRECT_OBJC_ISA_USAGE = YES_ERROR;
				CLANG_WARN_DOCUMENTATION_COMMENTS = YES;
				CLANG_WARN_EMPTY_BODY = YES;
				CLANG_WARN_ENUM_CONVERSION = YES;
				CLANG_WARN_INFINITE_RECURSION = YES;
				CLANG_WARN_INT_CONVERSION = YES;
				CLANG_WARN_NON_LITERAL_NULL_CONVERSION = YES;
				CLANG_WARN_OBJC_IMPLICIT_RETAIN_SELF = YES;
				CLANG_WARN_OBJC_LITERAL_CONVERSION = YES;
				CLANG_WARN_OBJC_ROOT_CLASS = YES_ERROR;
				CLANG_WARN_QUOTED_INCLUDE_IN_FRAMEWORK_HEADER = YES;
				CLANG_WARN_RANGE_LOOP_ANALYSIS = YES;
				CLANG_WARN_STRICT_PROTOTYPES = YES;
				CLANG_WARN_SUSPICIOUS_MOVE = YES;
				CLANG_WARN_UNGUARDED_AVAILABILITY = YES_AGGRESSIVE;
				CLANG_WARN_UNREACHABLE_CODE = YES;
				CLANG_WARN__DUPLICATE_METHOD_MATCH = YES;
				COPY_PHASE_STRIP = NO;
				DEBUG_INFORMATION_FORMAT = dwarf;
				ENABLE_STRICT_OBJC_MSGSEND = YES;
				ENABLE_TESTABILITY = YES;
				GCC_C_LANGUAGE_STANDARD = gnu11;
				GCC_DYNAMIC_NO_PIC = NO;
				GCC_NO_COMMON_BLOCKS = YES;
				GCC_OPTIMIZATION_LEVEL = 0;
				GCC_PREPROCESSOR_DEFINITIONS = (
					"DEBUG=1",
					"$(inherited)",
				);
				GCC_WARN_64_TO_32_BIT_CONVERSION = YES;
				GCC_WARN_ABOUT_RETURN_TYPE = YES_ERROR;
				GCC_WARN_UNDECLARED_SELECTOR = YES;
				GCC_WARN_UNINITIALIZED_AUTOS = YES_AGGRESSIVE;
				GCC_WARN_UNUSED_FUNCTION = YES;
				GCC_WARN_UNUSED_VARIABLE = YES;
				IPHONEOS_DEPLOYMENT_TARGET = 16.2;
				MTL_ENABLE_DEBUG_INFO = INCLUDE_SOURCE;
				MTL_FAST_MATH = YES;
				ONLY_ACTIVE_ARCH = YES;
				SDKROOT = iphoneos;
			};
			name = Debug;
		};
		539804F629D3FD3F00AA0D6D /* Release */ = {
			isa = XCBuildConfiguration;
			buildSettings = {
				ALWAYS_SEARCH_USER_PATHS = NO;
				CLANG_ANALYZER_NONNULL = YES;
				CLANG_ANALYZER_NUMBER_OBJECT_CONVERSION = YES_AGGRESSIVE;
				CLANG_CXX_LANGUAGE_STANDARD = "gnu++20";
				CLANG_ENABLE_MODULES = YES;
				CLANG_ENABLE_OBJC_ARC = YES;
				CLANG_ENABLE_OBJC_WEAK = YES;
				CLANG_WARN_BLOCK_CAPTURE_AUTORELEASING = YES;
				CLANG_WARN_BOOL_CONVERSION = YES;
				CLANG_WARN_COMMA = YES;
				CLANG_WARN_CONSTANT_CONVERSION = YES;
				CLANG_WARN_DEPRECATED_OBJC_IMPLEMENTATIONS = YES;
				CLANG_WARN_DIRECT_OBJC_ISA_USAGE = YES_ERROR;
				CLANG_WARN_DOCUMENTATION_COMMENTS = YES;
				CLANG_WARN_EMPTY_BODY = YES;
				CLANG_WARN_ENUM_CONVERSION = YES;
				CLANG_WARN_INFINITE_RECURSION = YES;
				CLANG_WARN_INT_CONVERSION = YES;
				CLANG_WARN_NON_LITERAL_NULL_CONVERSION = YES;
				CLANG_WARN_OBJC_IMPLICIT_RETAIN_SELF = YES;
				CLANG_WARN_OBJC_LITERAL_CONVERSION = YES;
				CLANG_WARN_OBJC_ROOT_CLASS = YES_ERROR;
				CLANG_WARN_QUOTED_INCLUDE_IN_FRAMEWORK_HEADER = YES;
				CLANG_WARN_RANGE_LOOP_ANALYSIS = YES;
				CLANG_WARN_STRICT_PROTOTYPES = YES;
				CLANG_WARN_SUSPICIOUS_MOVE = YES;
				CLANG_WARN_UNGUARDED_AVAILABILITY = YES_AGGRESSIVE;
				CLANG_WARN_UNREACHABLE_CODE = YES;
				CLANG_WARN__DUPLICATE_METHOD_MATCH = YES;
				COPY_PHASE_STRIP = NO;
				DEBUG_INFORMATION_FORMAT = "dwarf-with-dsym";
				ENABLE_NS_ASSERTIONS = NO;
				ENABLE_STRICT_OBJC_MSGSEND = YES;
				GCC_C_LANGUAGE_STANDARD = gnu11;
				GCC_NO_COMMON_BLOCKS = YES;
				GCC_WARN_64_TO_32_BIT_CONVERSION = YES;
				GCC_WARN_ABOUT_RETURN_TYPE = YES_ERROR;
				GCC_WARN_UNDECLARED_SELECTOR = YES;
				GCC_WARN_UNINITIALIZED_AUTOS = YES_AGGRESSIVE;
				GCC_WARN_UNUSED_FUNCTION = YES;
				GCC_WARN_UNUSED_VARIABLE = YES;
				IPHONEOS_DEPLOYMENT_TARGET = 16.2;
				MTL_ENABLE_DEBUG_INFO = NO;
				MTL_FAST_MATH = YES;
				SDKROOT = iphoneos;
				VALIDATE_PRODUCT = YES;
			};
			name = Release;
		};
		539804F829D3FD3F00AA0D6D /* Debug */ = {
			isa = XCBuildConfiguration;
			buildSettings = {
				ASSETCATALOG_COMPILER_APPICON_NAME = AppIcon;
				ASSETCATALOG_COMPILER_GLOBAL_ACCENT_COLOR_NAME = AccentColor;
				CODE_SIGN_STYLE = Automatic;
				CURRENT_PROJECT_VERSION = 1;
				DEVELOPMENT_TEAM = 45Z7784253;
				GENERATE_INFOPLIST_FILE = YES;
				INFOPLIST_FILE = invertedimage/Info.plist;
				INFOPLIST_KEY_UIApplicationSupportsIndirectInputEvents = YES;
				INFOPLIST_KEY_UILaunchStoryboardName = LaunchScreen;
				INFOPLIST_KEY_UIMainStoryboardFile = Main;
				INFOPLIST_KEY_UISupportedInterfaceOrientations_iPad = "UIInterfaceOrientationPortrait UIInterfaceOrientationPortraitUpsideDown UIInterfaceOrientationLandscapeLeft UIInterfaceOrientationLandscapeRight";
				INFOPLIST_KEY_UISupportedInterfaceOrientations_iPhone = "UIInterfaceOrientationPortrait UIInterfaceOrientationLandscapeLeft UIInterfaceOrientationLandscapeRight";
				LD_RUNPATH_SEARCH_PATHS = (
					"$(inherited)",
					"@executable_path/Frameworks",
				);
				MARKETING_VERSION = 1.0;
				PRODUCT_BUNDLE_IDENTIFIER = com.zq.study.invertedimage;
				PRODUCT_NAME = "$(TARGET_NAME)";
				SUPPORTED_PLATFORMS = "iphoneos iphonesimulator";
				SUPPORTS_MACCATALYST = NO;
				SUPPORTS_MAC_DESIGNED_FOR_IPHONE_IPAD = NO;
				SWIFT_EMIT_LOC_STRINGS = YES;
				TARGETED_DEVICE_FAMILY = 1;
			};
			name = Debug;
		};
		539804F929D3FD3F00AA0D6D /* Release */ = {
			isa = XCBuildConfiguration;
			buildSettings = {
				ASSETCATALOG_COMPILER_APPICON_NAME = AppIcon;
				ASSETCATALOG_COMPILER_GLOBAL_ACCENT_COLOR_NAME = AccentColor;
				CODE_SIGN_STYLE = Automatic;
				CURRENT_PROJECT_VERSION = 1;
				DEVELOPMENT_TEAM = 45Z7784253;
				GENERATE_INFOPLIST_FILE = YES;
				INFOPLIST_FILE = invertedimage/Info.plist;
				INFOPLIST_KEY_UIApplicationSupportsIndirectInputEvents = YES;
				INFOPLIST_KEY_UILaunchStoryboardName = LaunchScreen;
				INFOPLIST_KEY_UIMainStoryboardFile = Main;
				INFOPLIST_KEY_UISupportedInterfaceOrientations_iPad = "UIInterfaceOrientationPortrait UIInterfaceOrientationPortraitUpsideDown UIInterfaceOrientationLandscapeLeft UIInterfaceOrientationLandscapeRight";
				INFOPLIST_KEY_UISupportedInterfaceOrientations_iPhone = "UIInterfaceOrientationPortrait UIInterfaceOrientationLandscapeLeft UIInterfaceOrientationLandscapeRight";
				LD_RUNPATH_SEARCH_PATHS = (
					"$(inherited)",
					"@executable_path/Frameworks",
				);
				MARKETING_VERSION = 1.0;
				PRODUCT_BUNDLE_IDENTIFIER = com.zq.study.invertedimage;
				PRODUCT_NAME = "$(TARGET_NAME)";
				SUPPORTED_PLATFORMS = "iphoneos iphonesimulator";
				SUPPORTS_MACCATALYST = NO;
				SUPPORTS_MAC_DESIGNED_FOR_IPHONE_IPAD = NO;
				SWIFT_EMIT_LOC_STRINGS = YES;
				TARGETED_DEVICE_FAMILY = 1;
			};
			name = Release;
		};
/* End XCBuildConfiguration section */

/* Begin XCConfigurationList section */
		539804D929D3FD3D00AA0D6D /* Build configuration list for PBXProject "invertedimage" */ = {
			isa = XCConfigurationList;
			buildConfigurations = (
				539804F529D3FD3F00AA0D6D /* Debug */,
				539804F629D3FD3F00AA0D6D /* Release */,
			);
			defaultConfigurationIsVisible = 0;
			defaultConfigurationName = Release;
		};
		539804F729D3FD3F00AA0D6D /* Build configuration list for PBXNativeTarget "invertedimage" */ = {
			isa = XCConfigurationList;
			buildConfigurations = (
				539804F829D3FD3F00AA0D6D /* Debug */,
				539804F929D3FD3F00AA0D6D /* Release */,
			);
			defaultConfigurationIsVisible = 0;
			defaultConfigurationName = Release;
		};
/* End XCConfigurationList section */
	};
	rootObject = 539804D629D3FD3D00AA0D6D /* Project object */;
}
